// !$*UTF8*$!
{
	archiveVersion = 1;
	classes = {
	};
	objectVersion = 46;
	objects = {

/* Begin PBXBuildFile section */
		22F388A51A354B9700E0B03B /* AppDelegate.swift in Sources */ = {isa = PBXBuildFile; fileRef = 22F388A41A354B9700E0B03B /* AppDelegate.swift */; };
		22F388A71A354B9700E0B03B /* ViewController.swift in Sources */ = {isa = PBXBuildFile; fileRef = 22F388A61A354B9700E0B03B /* ViewController.swift */; };
		22F388AA1A354B9700E0B03B /* Main.storyboard in Resources */ = {isa = PBXBuildFile; fileRef = 22F388A81A354B9700E0B03B /* Main.storyboard */; };
		22F388AC1A354B9700E0B03B /* Images.xcassets in Resources */ = {isa = PBXBuildFile; fileRef = 22F388AB1A354B9700E0B03B /* Images.xcassets */; };
		22F388AF1A354B9700E0B03B /* LaunchScreen.xib in Resources */ = {isa = PBXBuildFile; fileRef = 22F388AD1A354B9700E0B03B /* LaunchScreen.xib */; };
		22F388BB1A354B9700E0B03B /* SFSampleAppSwiftTests.swift in Sources */ = {isa = PBXBuildFile; fileRef = 22F388BA1A354B9700E0B03B /* SFSampleAppSwiftTests.swift */; };
/* End PBXBuildFile section */

/* Begin PBXContainerItemProxy section */
		22F388B51A354B9700E0B03B /* PBXContainerItemProxy */ = {
			isa = PBXContainerItemProxy;
			containerPortal = 22F388971A354B9700E0B03B /* Project object */;
			proxyType = 1;
			remoteGlobalIDString = 22F3889E1A354B9700E0B03B;
			remoteInfo = SFSampleAppSwift;
		};
/* End PBXContainerItemProxy section */

/* Begin PBXFileReference section */
		22F3889F1A354B9700E0B03B /* SFSampleAppSwift.app */ = {isa = PBXFileReference; explicitFileType = wrapper.application; includeInIndex = 0; path = SFSampleAppSwift.app; sourceTree = BUILT_PRODUCTS_DIR; };
		22F388A31A354B9700E0B03B /* Info.plist */ = {isa = PBXFileReference; lastKnownFileType = text.plist.xml; path = Info.plist; sourceTree = "<group>"; };
		22F388A41A354B9700E0B03B /* AppDelegate.swift */ = {isa = PBXFileReference; lastKnownFileType = sourcecode.swift; path = AppDelegate.swift; sourceTree = "<group>"; };
		22F388A61A354B9700E0B03B /* ViewController.swift */ = {isa = PBXFileReference; lastKnownFileType = sourcecode.swift; path = ViewController.swift; sourceTree = "<group>"; };
		22F388A91A354B9700E0B03B /* Base */ = {isa = PBXFileReference; lastKnownFileType = file.storyboard; name = Base; path = Base.lproj/Main.storyboard; sourceTree = "<group>"; };
		22F388AB1A354B9700E0B03B /* Images.xcassets */ = {isa = PBXFileReference; lastKnownFileType = folder.assetcatalog; path = Images.xcassets; sourceTree = "<group>"; };
		22F388AE1A354B9700E0B03B /* Base */ = {isa = PBXFileReference; lastKnownFileType = file.xib; name = Base; path = Base.lproj/LaunchScreen.xib; sourceTree = "<group>"; };
		22F388B41A354B9700E0B03B /* SFSampleAppSwiftTests.xctest */ = {isa = PBXFileReference; explicitFileType = wrapper.cfbundle; includeInIndex = 0; path = SFSampleAppSwiftTests.xctest; sourceTree = BUILT_PRODUCTS_DIR; };
		22F388B91A354B9700E0B03B /* Info.plist */ = {isa = PBXFileReference; lastKnownFileType = text.plist.xml; path = Info.plist; sourceTree = "<group>"; };
		22F388BA1A354B9700E0B03B /* SFSampleAppSwiftTests.swift */ = {isa = PBXFileReference; lastKnownFileType = sourcecode.swift; path = SFSampleAppSwiftTests.swift; sourceTree = "<group>"; };
/* End PBXFileReference section */

/* Begin PBXFrameworksBuildPhase section */
		22F3889C1A354B9700E0B03B /* Frameworks */ = {
			isa = PBXFrameworksBuildPhase;
			buildActionMask = 2147483647;
			files = (
			);
			runOnlyForDeploymentPostprocessing = 0;
		};
		22F388B11A354B9700E0B03B /* Frameworks */ = {
			isa = PBXFrameworksBuildPhase;
			buildActionMask = 2147483647;
			files = (
			);
			runOnlyForDeploymentPostprocessing = 0;
		};
/* End PBXFrameworksBuildPhase section */

/* Begin PBXGroup section */
		22F388961A354B9700E0B03B = {
			isa = PBXGroup;
			children = (
				22F388A11A354B9700E0B03B /* SFSampleAppSwift */,
				22F388B71A354B9700E0B03B /* SFSampleAppSwiftTests */,
				22F388A01A354B9700E0B03B /* Products */,
			);
			sourceTree = "<group>";
		};
		22F388A01A354B9700E0B03B /* Products */ = {
			isa = PBXGroup;
			children = (
				22F3889F1A354B9700E0B03B /* SFSampleAppSwift.app */,
				22F388B41A354B9700E0B03B /* SFSampleAppSwiftTests.xctest */,
			);
			name = Products;
			sourceTree = "<group>";
		};
		22F388A11A354B9700E0B03B /* SFSampleAppSwift */ = {
			isa = PBXGroup;
			children = (
				22F388A41A354B9700E0B03B /* AppDelegate.swift */,
				22F388A61A354B9700E0B03B /* ViewController.swift */,
				22F388A81A354B9700E0B03B /* Main.storyboard */,
				22F388AB1A354B9700E0B03B /* Images.xcassets */,
				22F388AD1A354B9700E0B03B /* LaunchScreen.xib */,
				22F388A21A354B9700E0B03B /* Supporting Files */,
			);
			path = SFSampleAppSwift;
			sourceTree = "<group>";
		};
		22F388A21A354B9700E0B03B /* Supporting Files */ = {
			isa = PBXGroup;
			children = (
				22F388A31A354B9700E0B03B /* Info.plist */,
			);
			name = "Supporting Files";
			sourceTree = "<group>";
		};
		22F388B71A354B9700E0B03B /* SFSampleAppSwiftTests */ = {
			isa = PBXGroup;
			children = (
				22F388BA1A354B9700E0B03B /* SFSampleAppSwiftTests.swift */,
				22F388B81A354B9700E0B03B /* Supporting Files */,
			);
			path = SFSampleAppSwiftTests;
			sourceTree = "<group>";
		};
		22F388B81A354B9700E0B03B /* Supporting Files */ = {
			isa = PBXGroup;
			children = (
				22F388B91A354B9700E0B03B /* Info.plist */,
			);
			name = "Supporting Files";
			sourceTree = "<group>";
		};
/* End PBXGroup section */

/* Begin PBXNativeTarget section */
		22F3889E1A354B9700E0B03B /* SFSampleAppSwift */ = {
			isa = PBXNativeTarget;
			buildConfigurationList = 22F388BE1A354B9700E0B03B /* Build configuration list for PBXNativeTarget "SFSampleAppSwift" */;
			buildPhases = (
				22F3889B1A354B9700E0B03B /* Sources */,
				22F3889C1A354B9700E0B03B /* Frameworks */,
				22F3889D1A354B9700E0B03B /* Resources */,
			);
			buildRules = (
			);
			dependencies = (
			);
			name = SFSampleAppSwift;
			productName = SFSampleAppSwift;
			productReference = 22F3889F1A354B9700E0B03B /* SFSampleAppSwift.app */;
			productType = "com.apple.product-type.application";
		};
		22F388B31A354B9700E0B03B /* SFSampleAppSwiftTests */ = {
			isa = PBXNativeTarget;
			buildConfigurationList = 22F388C11A354B9700E0B03B /* Build configuration list for PBXNativeTarget "SFSampleAppSwiftTests" */;
			buildPhases = (
				22F388B01A354B9700E0B03B /* Sources */,
				22F388B11A354B9700E0B03B /* Frameworks */,
				22F388B21A354B9700E0B03B /* Resources */,
			);
			buildRules = (
			);
			dependencies = (
				22F388B61A354B9700E0B03B /* PBXTargetDependency */,
			);
			name = SFSampleAppSwiftTests;
			productName = SFSampleAppSwiftTests;
			productReference = 22F388B41A354B9700E0B03B /* SFSampleAppSwiftTests.xctest */;
			productType = "com.apple.product-type.bundle.unit-test";
		};
/* End PBXNativeTarget section */

/* Begin PBXProject section */
		22F388971A354B9700E0B03B /* Project object */ = {
			isa = PBXProject;
			attributes = {
				LastUpgradeCheck = 0610;
				ORGANIZATIONNAME = "Daichi Mizoguchi";
				TargetAttributes = {
					22F3889E1A354B9700E0B03B = {
						CreatedOnToolsVersion = 6.1.1;
					};
					22F388B31A354B9700E0B03B = {
						CreatedOnToolsVersion = 6.1.1;
						TestTargetID = 22F3889E1A354B9700E0B03B;
					};
				};
			};
			buildConfigurationList = 22F3889A1A354B9700E0B03B /* Build configuration list for PBXProject "SFSampleAppSwift" */;
			compatibilityVersion = "Xcode 3.2";
			developmentRegion = English;
			hasScannedForEncodings = 0;
			knownRegions = (
				en,
				Base,
			);
			mainGroup = 22F388961A354B9700E0B03B;
			productRefGroup = 22F388A01A354B9700E0B03B /* Products */;
			projectDirPath = "";
			projectRoot = "";
			targets = (
				22F3889E1A354B9700E0B03B /* SFSampleAppSwift */,
				22F388B31A354B9700E0B03B /* SFSampleAppSwiftTests */,
			);
		};
/* End PBXProject section */

/* Begin PBXResourcesBuildPhase section */
		22F3889D1A354B9700E0B03B /* Resources */ = {
			isa = PBXResourcesBuildPhase;
			buildActionMask = 2147483647;
			files = (
				22F388AA1A354B9700E0B03B /* Main.storyboard in Resources */,
				22F388AF1A354B9700E0B03B /* LaunchScreen.xib in Resources */,
				22F388AC1A354B9700E0B03B /* Images.xcassets in Resources */,
			);
			runOnlyForDeploymentPostprocessing = 0;
		};
		22F388B21A354B9700E0B03B /* Resources */ = {
			isa = PBXResourcesBuildPhase;
			buildActionMask = 2147483647;
			files = (
			);
			runOnlyForDeploymentPostprocessing = 0;
		};
/* End PBXResourcesBuildPhase section */

/* Begin PBXSourcesBuildPhase section */
		22F3889B1A354B9700E0B03B /* Sources */ = {
			isa = PBXSourcesBuildPhase;
			buildActionMask = 2147483647;
			files = (
				22F388A71A354B9700E0B03B /* ViewController.swift in Sources */,
				22F388A51A354B9700E0B03B /* AppDelegate.swift in Sources */,
			);
			runOnlyForDeploymentPostprocessing = 0;
		};
		22F388B01A354B9700E0B03B /* Sources */ = {
			isa = PBXSourcesBuildPhase;
			buildActionMask = 2147483647;
			files = (
				22F388BB1A354B9700E0B03B /* SFSampleAppSwiftTests.swift in Sources */,
			);
			runOnlyForDeploymentPostprocessing = 0;
		};
/* End PBXSourcesBuildPhase section */

/* Begin PBXTargetDependency section */
		22F388B61A354B9700E0B03B /* PBXTargetDependency */ = {
			isa = PBXTargetDependency;
			target = 22F3889E1A354B9700E0B03B /* SFSampleAppSwift */;
			targetProxy = 22F388B51A354B9700E0B03B /* PBXContainerItemProxy */;
		};
/* End PBXTargetDependency section */

/* Begin PBXVariantGroup section */
		22F388A81A354B9700E0B03B /* Main.storyboard */ = {
			isa = PBXVariantGroup;
			children = (
				22F388A91A354B9700E0B03B /* Base */,
			);
			name = Main.storyboard;
			sourceTree = "<group>";
		};
		22F388AD1A354B9700E0B03B /* LaunchScreen.xib */ = {
			isa = PBXVariantGroup;
			children = (
				22F388AE1A354B9700E0B03B /* Base */,
			);
			name = LaunchScreen.xib;
			sourceTree = "<group>";
		};
/* End PBXVariantGroup section */

/* Begin XCBuildConfiguration section */
		22F388BC1A354B9700E0B03B /* Debug */ = {
			isa = XCBuildConfiguration;
			buildSettings = {
				ALWAYS_SEARCH_USER_PATHS = NO;
				CLANG_CXX_LANGUAGE_STANDARD = "gnu++0x";
				CLANG_CXX_LIBRARY = "libc++";
				CLANG_ENABLE_MODULES = YES;
				CLANG_ENABLE_OBJC_ARC = YES;
				CLANG_WARN_BOOL_CONVERSION = YES;
				CLANG_WARN_CONSTANT_CONVERSION = YES;
				CLANG_WARN_DIRECT_OBJC_ISA_USAGE = YES_ERROR;
				CLANG_WARN_EMPTY_BODY = YES;
				CLANG_WARN_ENUM_CONVERSION = YES;
				CLANG_WARN_INT_CONVERSION = YES;
				CLANG_WARN_OBJC_ROOT_CLASS = YES_ERROR;
				CLANG_WARN_UNREACHABLE_CODE = YES;
				CLANG_WARN__DUPLICATE_METHOD_MATCH = YES;
				"CODE_SIGN_IDENTITY[sdk=iphoneos*]" = "iPhone Developer";
				COPY_PHASE_STRIP = NO;
				ENABLE_STRICT_OBJC_MSGSEND = YES;
				GCC_C_LANGUAGE_STANDARD = gnu99;
				GCC_DYNAMIC_NO_PIC = NO;
				GCC_OPTIMIZATION_LEVEL = 0;
				GCC_PREPROCESSOR_DEFINITIONS = (
					"DEBUG=1",
					"$(inherited)",
				);
				GCC_SYMBOLS_PRIVATE_EXTERN = NO;
				GCC_WARN_64_TO_32_BIT_CONVERSION = YES;
				GCC_WARN_ABOUT_RETURN_TYPE = YES_ERROR;
				GCC_WARN_UNDECLARED_SELECTOR = YES;
				GCC_WARN_UNINITIALIZED_AUTOS = YES_AGGRESSIVE;
				GCC_WARN_UNUSED_FUNCTION = YES;
				GCC_WARN_UNUSED_VARIABLE = YES;
				IPHONEOS_DEPLOYMENT_TARGET = 8.1;
				MTL_ENABLE_DEBUG_INFO = YES;
				ONLY_ACTIVE_ARCH = YES;
				SDKROOT = iphoneos;
				SWIFT_OPTIMIZATION_LEVEL = "-Onone";
			};
			name = Debug;
		};
		22F388BD1A354B9700E0B03B /* Release */ = {
			isa = XCBuildConfiguration;
			buildSettings = {
				ALWAYS_SEARCH_USER_PATHS = NO;
				CLANG_CXX_LANGUAGE_STANDARD = "gnu++0x";
				CLANG_CXX_LIBRARY = "libc++";
				CLANG_ENABLE_MODULES = YES;
				CLANG_ENABLE_OBJC_ARC = YES;
				CLANG_WARN_BOOL_CONVERSION = YES;
				CLANG_WARN_CONSTANT_CONVERSION = YES;
				CLANG_WARN_DIRECT_OBJC_ISA_USAGE = YES_ERROR;
				CLANG_WARN_EMPTY_BODY = YES;
				CLANG_WARN_ENUM_CONVERSION = YES;
				CLANG_WARN_INT_CONVERSION = YES;
				CLANG_WARN_OBJC_ROOT_CLASS = YES_ERROR;
				CLANG_WARN_UNREACHABLE_CODE = YES;
				CLANG_WARN__DUPLICATE_METHOD_MATCH = YES;
				"CODE_SIGN_IDENTITY[sdk=iphoneos*]" = "iPhone Developer";
				COPY_PHASE_STRIP = YES;
				ENABLE_NS_ASSERTIONS = NO;
				ENABLE_STRICT_OBJC_MSGSEND = YES;
				GCC_C_LANGUAGE_STANDARD = gnu99;
				GCC_WARN_64_TO_32_BIT_CONVERSION = YES;
				GCC_WARN_ABOUT_RETURN_TYPE = YES_ERROR;
				GCC_WARN_UNDECLARED_SELECTOR = YES;
				GCC_WARN_UNINITIALIZED_AUTOS = YES_AGGRESSIVE;
				GCC_WARN_UNUSED_FUNCTION = YES;
				GCC_WARN_UNUSED_VARIABLE = YES;
				IPHONEOS_DEPLOYMENT_TARGET = 8.1;
				MTL_ENABLE_DEBUG_INFO = NO;
				SDKROOT = iphoneos;
				VALIDATE_PRODUCT = YES;
			};
			name = Release;
		};
		22F388BF1A354B9700E0B03B /* Debug */ = {
			isa = XCBuildConfiguration;
			buildSettings = {
				ASSETCATALOG_COMPILER_APPICON_NAME = AppIcon;
				INFOPLIST_FILE = SFSampleAppSwift/Info.plist;
				LD_RUNPATH_SEARCH_PATHS = "$(inherited) @executable_path/Frameworks";
				PRODUCT_NAME = "$(TARGET_NAME)";
			};
			name = Debug;
		};
		22F388C01A354B9700E0B03B /* Release */ = {
			isa = XCBuildConfiguration;
			buildSettings = {
				ASSETCATALOG_COMPILER_APPICON_NAME = AppIcon;
				INFOPLIST_FILE = SFSampleAppSwift/Info.plist;
				LD_RUNPATH_SEARCH_PATHS = "$(inherited) @executable_path/Frameworks";
				PRODUCT_NAME = "$(TARGET_NAME)";
			};
			name = Release;
		};
		22F388C21A354B9700E0B03B /* Debug */ = {
			isa = XCBuildConfiguration;
			buildSettings = {
				BUNDLE_LOADER = "$(TEST_HOST)";
				FRAMEWORK_SEARCH_PATHS = (
					"$(SDKROOT)/Developer/Library/Frameworks",
					"$(inherited)",
				);
				GCC_PREPROCESSOR_DEFINITIONS = (
					"DEBUG=1",
					"$(inherited)",
				);
				INFOPLIST_FILE = SFSampleAppSwiftTests/Info.plist;
				LD_RUNPATH_SEARCH_PATHS = "$(inherited) @executable_path/Frameworks @loader_path/Frameworks";
				PRODUCT_NAME = "$(TARGET_NAME)";
				TEST_HOST = "$(BUILT_PRODUCTS_DIR)/SFSampleAppSwift.app/SFSampleAppSwift";
			};
			name = Debug;
		};
		22F388C31A354B9700E0B03B /* Release */ = {
			isa = XCBuildConfiguration;
			buildSettings = {
				BUNDLE_LOADER = "$(TEST_HOST)";
				FRAMEWORK_SEARCH_PATHS = (
					"$(SDKROOT)/Developer/Library/Frameworks",
					"$(inherited)",
				);
				INFOPLIST_FILE = SFSampleAppSwiftTests/Info.plist;
				LD_RUNPATH_SEARCH_PATHS = "$(inherited) @executable_path/Frameworks @loader_path/Frameworks";
				PRODUCT_NAME = "$(TARGET_NAME)";
				TEST_HOST = "$(BUILT_PRODUCTS_DIR)/SFSampleAppSwift.app/SFSampleAppSwift";
			};
			name = Release;
		};
/* End XCBuildConfiguration section */

/* Begin XCConfigurationList section */
		22F3889A1A354B9700E0B03B /* Build configuration list for PBXProject "SFSampleAppSwift" */ = {
			isa = XCConfigurationList;
			buildConfigurations = (
				22F388BC1A354B9700E0B03B /* Debug */,
				22F388BD1A354B9700E0B03B /* Release */,
			);
			defaultConfigurationIsVisible = 0;
			defaultConfigurationName = Release;
		};
		22F388BE1A354B9700E0B03B /* Build configuration list for PBXNativeTarget "SFSampleAppSwift" */ = {
			isa = XCConfigurationList;
			buildConfigurations = (
				22F388BF1A354B9700E0B03B /* Debug */,
				22F388C01A354B9700E0B03B /* Release */,
			);
			defaultConfigurationIsVisible = 0;
		};
		22F388C11A354B9700E0B03B /* Build configuration list for PBXNativeTarget "SFSampleAppSwiftTests" */ = {
			isa = XCConfigurationList;
			buildConfigurations = (
				22F388C21A354B9700E0B03B /* Debug */,
				22F388C31A354B9700E0B03B /* Release */,
			);
			defaultConfigurationIsVisible = 0;
		};
/* End XCConfigurationList section */
	};
	rootObject = 22F388971A354B9700E0B03B /* Project object */;
}
